
Microsoft Visual Studio Solution File, Format Version 12.00
# Visual Studio Version 17
VisualStudioVersion = 17.1.32228.430
MinimumVisualStudioVersion = 10.0.40219.1
Project("{8BC9CEB8-8B4A-11D0-8D11-00A0C91BC942}") = "Zad1", "Zad1\Zad1.vcxproj", "{AA7AE4AB-E246-473E-916D-2A0F09CE4A0D}"
EndProject
Project("{8BC9CEB8-8B4A-11D0-8D11-00A0C91BC942}") = "Zad2", "Zad2\Zad2.vcxproj", "{E74C3B97-DFD5-4FDD-A348-AB6D3C33AAB5}"
EndProject
Project("{8BC9CEB8-8B4A-11D0-8D11-00A0C91BC942}") = "Zad3_4", "Zad3\Zad3.vcxproj", "{E86C14A2-971F-448D-83D5-72650C638956}"
EndProject
Project("{8BC9CEB8-8B4A-11D0-8D11-00A0C91BC942}") = "Zad5", "Zad5\Zad5.vcxproj", "{D2CFA2D1-A708-4C32-8DA7-1874DD1C6CD5}"
EndProject
Project("{8BC9CEB8-8B4A-11D0-8D11-00A0C91BC942}") = "Zad6_7", "Zad6\Zad6.vcxproj", "{3BF2620E-887A-4CC8-852A-55C09552AFBB}"
EndProject
Project("{8BC9CEB8-8B4A-11D0-8D11-00A0C91BC942}") = "Zad8", "Zad8\Zad8.vcxproj", "{943FB8B3-C8E7-4E67-8C81-6657D3FC6B90}"
EndProject
Project("{8BC9CEB8-8B4A-11D0-8D11-00A0C91BC942}") = "Zad9", "Zad9\Zad9.vcxproj", "{5B000F90-A142-4A47-9D4F-59A1562D1918}"
EndProject
Project("{8BC9CEB8-8B4A-11D0-8D11-00A0C91BC942}") = "Zad10", "Zad10\Zad10.vcxproj", "{FB046A6A-99C0-42A9-B227-3F03F712CB73}"
EndProject
Project("{8BC9CEB8-8B4A-11D0-8D11-00A0C91BC942}") = "Zad13", "Zad11\Zad11.vcxproj", "{DBB2BF04-0568-4B1C-B7D9-8B0C77EEDD39}"
EndProject
Project("{8BC9CEB8-8B4A-11D0-8D11-00A0C91BC942}") = "Zad14", "Zad14\Zad14.vcxproj", "{400EBEE0-93C6-4A04-A665-F9C1C291A335}"
EndProject
Project("{8BC9CEB8-8B4A-11D0-8D11-00A0C91BC942}") = "Zad15", "Zad15\Zad15.vcxproj", "{9BECDD95-DDED-45C6-B88E-52EFAE0FCC11}"
EndProject
Project("{8BC9CEB8-8B4A-11D0-8D11-00A0C91BC942}") = "Zad16", "Zad16\Zad16.vcxproj", "{F8F73FC6-1ED1-4D7A-83D6-DD9CDA2330C6}"
EndProject
Project("{8BC9CEB8-8B4A-11D0-8D11-00A0C91BC942}") = "Zad17", "Zad17\Zad17.vcxproj", "{4CA7FCE3-F660-4323-B6FF-3DD4CAB1F04D}"
EndProject
Project("{8BC9CEB8-8B4A-11D0-8D11-00A0C91BC942}") = "Zad18", "Zad18\Zad18.vcxproj", "{821C5042-8D2F-43EB-A008-A63ADF92DC02}"
EndProject
Project("{8BC9CEB8-8B4A-11D0-8D11-00A0C91BC942}") = "Zad19", "Zad19\Zad19.vcxproj", "{809F071C-AD27-445E-A841-57138B89E79B}"
EndProject
Project("{8BC9CEB8-8B4A-11D0-8D11-00A0C91BC942}") = "Zad20", "Zad20\Zad20.vcxproj", "{F557FE0E-1FAF-430A-A479-C2F3438E01A2}"
EndProject
Project("{8BC9CEB8-8B4A-11D0-8D11-00A0C91BC942}") = "Zad21", "Zad21\Zad21.vcxproj", "{C9D70F7B-F974-41EF-889A-0F84854076CB}"
EndProject
Project("{8BC9CEB8-8B4A-11D0-8D11-00A0C91BC942}") = "Zad22", "Zad22\Zad22.vcxproj", "{19643951-BD98-4F23-95BB-13B01B7841DD}"
EndProject
Project("{8BC9CEB8-8B4A-11D0-8D11-00A0C91BC942}") = "Zad23", "Zad23\Zad23.vcxproj", "{F7680305-5A17-47C7-BDA9-9986F672F4AB}"
EndProject
Project("{8BC9CEB8-8B4A-11D0-8D11-00A0C91BC942}") = "K1G1", "K1G1\K1G1.vcxproj", "{A03F8C92-ECF4-4CF6-80E1-04D99C138BB3}"
EndProject
Project("{8BC9CEB8-8B4A-11D0-8D11-00A0C91BC942}") = "K1G2", "K1G2\K1G2.vcxproj", "{93DE2CFB-A5E6-4EED-B501-AA2A4409F185}"
EndProject
Project("{8BC9CEB8-8B4A-11D0-8D11-00A0C91BC942}") = "RT_KLK", "RT_KLK\RT_KLK.vcxproj", "{15615F28-84CA-4B89-A053-0B532ABDE683}"
EndProject
Global
	GlobalSection(SolutionConfigurationPlatforms) = preSolution
		Debug|x64 = Debug|x64
		Debug|x86 = Debug|x86
		Release|x64 = Release|x64
		Release|x86 = Release|x86
	EndGlobalSection
	GlobalSection(ProjectConfigurationPlatforms) = postSolution
		{AA7AE4AB-E246-473E-916D-2A0F09CE4A0D}.Debug|x64.ActiveCfg = Debug|x64
		{AA7AE4AB-E246-473E-916D-2A0F09CE4A0D}.Debug|x64.Build.0 = Debug|x64
		{AA7AE4AB-E246-473E-916D-2A0F09CE4A0D}.Debug|x86.ActiveCfg = Debug|Win32
		{AA7AE4AB-E246-473E-916D-2A0F09CE4A0D}.Debug|x86.Build.0 = Debug|Win32
		{AA7AE4AB-E246-473E-916D-2A0F09CE4A0D}.Release|x64.ActiveCfg = Release|x64
		{AA7AE4AB-E246-473E-916D-2A0F09CE4A0D}.Release|x64.Build.0 = Release|x64
		{AA7AE4AB-E246-473E-916D-2A0F09CE4A0D}.Release|x86.ActiveCfg = Release|Win32
		{AA7AE4AB-E246-473E-916D-2A0F09CE4A0D}.Release|x86.Build.0 = Release|Win32
		{E74C3B97-DFD5-4FDD-A348-AB6D3C33AAB5}.Debug|x64.ActiveCfg = Debug|x64
		{E74C3B97-DFD5-4FDD-A348-AB6D3C33AAB5}.Debug|x64.Build.0 = Debug|x64
		{E74C3B97-DFD5-4FDD-A348-AB6D3C33AAB5}.Debug|x86.ActiveCfg = Debug|Win32
		{E74C3B97-DFD5-4FDD-A348-AB6D3C33AAB5}.Debug|x86.Build.0 = Debug|Win32
		{E74C3B97-DFD5-4FDD-A348-AB6D3C33AAB5}.Release|x64.ActiveCfg = Release|x64
		{E74C3B97-DFD5-4FDD-A348-AB6D3C33AAB5}.Release|x64.Build.0 = Release|x64
		{E74C3B97-DFD5-4FDD-A348-AB6D3C33AAB5}.Release|x86.ActiveCfg = Release|Win32
		{E74C3B97-DFD5-4FDD-A348-AB6D3C33AAB5}.Release|x86.Build.0 = Release|Win32
		{E86C14A2-971F-448D-83D5-72650C638956}.Debug|x64.ActiveCfg = Debug|x64
		{E86C14A2-971F-448D-83D5-72650C638956}.Debug|x64.Build.0 = Debug|x64
		{E86C14A2-971F-448D-83D5-72650C638956}.Debug|x86.ActiveCfg = Debug|Win32
		{E86C14A2-971F-448D-83D5-72650C638956}.Debug|x86.Build.0 = Debug|Win32
		{E86C14A2-971F-448D-83D5-72650C638956}.Release|x64.ActiveCfg = Release|x64
		{E86C14A2-971F-448D-83D5-72650C638956}.Release|x64.Build.0 = Release|x64
		{E86C14A2-971F-448D-83D5-72650C638956}.Release|x86.ActiveCfg = Release|Win32
		{E86C14A2-971F-448D-83D5-72650C638956}.Release|x86.Build.0 = Release|Win32
		{D2CFA2D1-A708-4C32-8DA7-1874DD1C6CD5}.Debug|x64.ActiveCfg = Debug|x64
		{D2CFA2D1-A708-4C32-8DA7-1874DD1C6CD5}.Debug|x64.Build.0 = Debug|x64
		{D2CFA2D1-A708-4C32-8DA7-1874DD1C6CD5}.Debug|x86.ActiveCfg = Debug|Win32
		{D2CFA2D1-A708-4C32-8DA7-1874DD1C6CD5}.Debug|x86.Build.0 = Debug|Win32
		{D2CFA2D1-A708-4C32-8DA7-1874DD1C6CD5}.Release|x64.ActiveCfg = Release|x64
		{D2CFA2D1-A708-4C32-8DA7-1874DD1C6CD5}.Release|x64.Build.0 = Release|x64
		{D2CFA2D1-A708-4C32-8DA7-1874DD1C6CD5}.Release|x86.ActiveCfg = Release|Win32
		{D2CFA2D1-A708-4C32-8DA7-1874DD1C6CD5}.Release|x86.Build.0 = Release|Win32
		{3BF2620E-887A-4CC8-852A-55C09552AFBB}.Debug|x64.ActiveCfg = Debug|x64
		{3BF2620E-887A-4CC8-852A-55C09552AFBB}.Debug|x64.Build.0 = Debug|x64
		{3BF2620E-887A-4CC8-852A-55C09552AFBB}.Debug|x86.ActiveCfg = Debug|Win32
		{3BF2620E-887A-4CC8-852A-55C09552AFBB}.Debug|x86.Build.0 = Debug|Win32
		{3BF2620E-887A-4CC8-852A-55C09552AFBB}.Release|x64.ActiveCfg = Release|x64
		{3BF2620E-887A-4CC8-852A-55C09552AFBB}.Release|x64.Build.0 = Release|x64
		{3BF2620E-887A-4CC8-852A-55C09552AFBB}.Release|x86.ActiveCfg = Release|Win32
		{3BF2620E-887A-4CC8-852A-55C09552AFBB}.Release|x86.Build.0 = Release|Win32
		{943FB8B3-C8E7-4E67-8C81-6657D3FC6B90}.Debug|x64.ActiveCfg = Debug|x64
		{943FB8B3-C8E7-4E67-8C81-6657D3FC6B90}.Debug|x64.Build.0 = Debug|x64
		{943FB8B3-C8E7-4E67-8C81-6657D3FC6B90}.Debug|x86.ActiveCfg = Debug|Win32
		{943FB8B3-C8E7-4E67-8C81-6657D3FC6B90}.Debug|x86.Build.0 = Debug|Win32
		{943FB8B3-C8E7-4E67-8C81-6657D3FC6B90}.Release|x64.ActiveCfg = Release|x64
		{943FB8B3-C8E7-4E67-8C81-6657D3FC6B90}.Release|x64.Build.0 = Release|x64
		{943FB8B3-C8E7-4E67-8C81-6657D3FC6B90}.Release|x86.ActiveCfg = Release|Win32
		{943FB8B3-C8E7-4E67-8C81-6657D3FC6B90}.Release|x86.Build.0 = Release|Win32
		{5B000F90-A142-4A47-9D4F-59A1562D1918}.Debug|x64.ActiveCfg = Debug|x64
		{5B000F90-A142-4A47-9D4F-59A1562D1918}.Debug|x64.Build.0 = Debug|x64
		{5B000F90-A142-4A47-9D4F-59A1562D1918}.Debug|x86.ActiveCfg = Debug|Win32
		{5B000F90-A142-4A47-9D4F-59A1562D1918}.Debug|x86.Build.0 = Debug|Win32
		{5B000F90-A142-4A47-9D4F-59A1562D1918}.Release|x64.ActiveCfg = Release|x64
		{5B000F90-A142-4A47-9D4F-59A1562D1918}.Release|x64.Build.0 = Release|x64
		{5B000F90-A142-4A47-9D4F-59A1562D1918}.Release|x86.ActiveCfg = Release|Win32
		{5B000F90-A142-4A47-9D4F-59A1562D1918}.Release|x86.Build.0 = Release|Win32
		{FB046A6A-99C0-42A9-B227-3F03F712CB73}.Debug|x64.ActiveCfg = Debug|x64
		{FB046A6A-99C0-42A9-B227-3F03F712CB73}.Debug|x64.Build.0 = Debug|x64
		{FB046A6A-99C0-42A9-B227-3F03F712CB73}.Debug|x86.ActiveCfg = Debug|Win32
		{FB046A6A-99C0-42A9-B227-3F03F712CB73}.Debug|x86.Build.0 = Debug|Win32
		{FB046A6A-99C0-42A9-B227-3F03F712CB73}.Release|x64.ActiveCfg = Release|x64
		{FB046A6A-99C0-42A9-B227-3F03F712CB73}.Release|x64.Build.0 = Release|x64
		{FB046A6A-99C0-42A9-B227-3F03F712CB73}.Release|x86.ActiveCfg = Release|Win32
		{FB046A6A-99C0-42A9-B227-3F03F712CB73}.Release|x86.Build.0 = Release|Win32
		{DBB2BF04-0568-4B1C-B7D9-8B0C77EEDD39}.Debug|x64.ActiveCfg = Debug|x64
		{DBB2BF04-0568-4B1C-B7D9-8B0C77EEDD39}.Debug|x64.Build.0 = Debug|x64
		{DBB2BF04-0568-4B1C-B7D9-8B0C77EEDD39}.Debug|x86.ActiveCfg = Debug|Win32
		{DBB2BF04-0568-4B1C-B7D9-8B0C77EEDD39}.Debug|x86.Build.0 = Debug|Win32
		{DBB2BF04-0568-4B1C-B7D9-8B0C77EEDD39}.Release|x64.ActiveCfg = Release|x64
		{DBB2BF04-0568-4B1C-B7D9-8B0C77EEDD39}.Release|x64.Build.0 = Release|x64
		{DBB2BF04-0568-4B1C-B7D9-8B0C77EEDD39}.Release|x86.ActiveCfg = Release|Win32
		{DBB2BF04-0568-4B1C-B7D9-8B0C77EEDD39}.Release|x86.Build.0 = Release|Win32
		{400EBEE0-93C6-4A04-A665-F9C1C291A335}.Debug|x64.ActiveCfg = Debug|x64
		{400EBEE0-93C6-4A04-A665-F9C1C291A335}.Debug|x64.Build.0 = Debug|x64
		{400EBEE0-93C6-4A04-A665-F9C1C291A335}.Debug|x86.ActiveCfg = Debug|Win32
		{400EBEE0-93C6-4A04-A665-F9C1C291A335}.Debug|x86.Build.0 = Debug|Win32
		{400EBEE0-93C6-4A04-A665-F9C1C291A335}.Release|x64.ActiveCfg = Release|x64
		{400EBEE0-93C6-4A04-A665-F9C1C291A335}.Release|x64.Build.0 = Release|x64
		{400EBEE0-93C6-4A04-A665-F9C1C291A335}.Release|x86.ActiveCfg = Release|Win32
		{400EBEE0-93C6-4A04-A665-F9C1C291A335}.Release|x86.Build.0 = Release|Win32
		{9BECDD95-DDED-45C6-B88E-52EFAE0FCC11}.Debug|x64.ActiveCfg = Debug|x64
		{9BECDD95-DDED-45C6-B88E-52EFAE0FCC11}.Debug|x64.Build.0 = Debug|x64
		{9BECDD95-DDED-45C6-B88E-52EFAE0FCC11}.Debug|x86.ActiveCfg = Debug|Win32
		{9BECDD95-DDED-45C6-B88E-52EFAE0FCC11}.Debug|x86.Build.0 = Debug|Win32
		{9BECDD95-DDED-45C6-B88E-52EFAE0FCC11}.Release|x64.ActiveCfg = Release|x64
		{9BECDD95-DDED-45C6-B88E-52EFAE0FCC11}.Release|x64.Build.0 = Release|x64
		{9BECDD95-DDED-45C6-B88E-52EFAE0FCC11}.Release|x86.ActiveCfg = Release|Win32
		{9BECDD95-DDED-45C6-B88E-52EFAE0FCC11}.Release|x86.Build.0 = Release|Win32
		{F8F73FC6-1ED1-4D7A-83D6-DD9CDA2330C6}.Debug|x64.ActiveCfg = Debug|x64
		{F8F73FC6-1ED1-4D7A-83D6-DD9CDA2330C6}.Debug|x64.Build.0 = Debug|x64
		{F8F73FC6-1ED1-4D7A-83D6-DD9CDA2330C6}.Debug|x86.ActiveCfg = Debug|Win32
		{F8F73FC6-1ED1-4D7A-83D6-DD9CDA2330C6}.Debug|x86.Build.0 = Debug|Win32
		{F8F73FC6-1ED1-4D7A-83D6-DD9CDA2330C6}.Release|x64.ActiveCfg = Release|x64
		{F8F73FC6-1ED1-4D7A-83D6-DD9CDA2330C6}.Release|x64.Build.0 = Release|x64
		{F8F73FC6-1ED1-4D7A-83D6-DD9CDA2330C6}.Release|x86.ActiveCfg = Release|Win32
		{F8F73FC6-1ED1-4D7A-83D6-DD9CDA2330C6}.Release|x86.Build.0 = Release|Win32
		{4CA7FCE3-F660-4323-B6FF-3DD4CAB1F04D}.Debug|x64.ActiveCfg = Debug|x64
		{4CA7FCE3-F660-4323-B6FF-3DD4CAB1F04D}.Debug|x64.Build.0 = Debug|x64
		{4CA7FCE3-F660-4323-B6FF-3DD4CAB1F04D}.Debug|x86.ActiveCfg = Debug|Win32
		{4CA7FCE3-F660-4323-B6FF-3DD4CAB1F04D}.Debug|x86.Build.0 = Debug|Win32
		{4CA7FCE3-F660-4323-B6FF-3DD4CAB1F04D}.Release|x64.ActiveCfg = Release|x64
		{4CA7FCE3-F660-4323-B6FF-3DD4CAB1F04D}.Release|x64.Build.0 = Release|x64
		{4CA7FCE3-F660-4323-B6FF-3DD4CAB1F04D}.Release|x86.ActiveCfg = Release|Win32
		{4CA7FCE3-F660-4323-B6FF-3DD4CAB1F04D}.Release|x86.Build.0 = Release|Win32
		{821C5042-8D2F-43EB-A008-A63ADF92DC02}.Debug|x64.ActiveCfg = Debug|x64
		{821C5042-8D2F-43EB-A008-A63ADF92DC02}.Debug|x64.Build.0 = Debug|x64
		{821C5042-8D2F-43EB-A008-A63ADF92DC02}.Debug|x86.ActiveCfg = Debug|Win32
		{821C5042-8D2F-43EB-A008-A63ADF92DC02}.Debug|x86.Build.0 = Debug|Win32
		{821C5042-8D2F-43EB-A008-A63ADF92DC02}.Release|x64.ActiveCfg = Release|x64
		{821C5042-8D2F-43EB-A008-A63ADF92DC02}.Release|x64.Build.0 = Release|x64
		{821C5042-8D2F-43EB-A008-A63ADF92DC02}.Release|x86.ActiveCfg = Release|Win32
		{821C5042-8D2F-43EB-A008-A63ADF92DC02}.Release|x86.Build.0 = Release|Win32
		{809F071C-AD27-445E-A841-57138B89E79B}.Debug|x64.ActiveCfg = Debug|x64
		{809F071C-AD27-445E-A841-57138B89E79B}.Debug|x64.Build.0 = Debug|x64
		{809F071C-AD27-445E-A841-57138B89E79B}.Debug|x86.ActiveCfg = Debug|Win32
		{809F071C-AD27-445E-A841-57138B89E79B}.Debug|x86.Build.0 = Debug|Win32
		{809F071C-AD27-445E-A841-57138B89E79B}.Release|x64.ActiveCfg = Release|x64
		{809F071C-AD27-445E-A841-57138B89E79B}.Release|x64.Build.0 = Release|x64
		{809F071C-AD27-445E-A841-57138B89E79B}.Release|x86.ActiveCfg = Release|Win32
		{809F071C-AD27-445E-A841-57138B89E79B}.Release|x86.Build.0 = Release|Win32
		{F557FE0E-1FAF-430A-A479-C2F3438E01A2}.Debug|x64.ActiveCfg = Debug|x64
		{F557FE0E-1FAF-430A-A479-C2F3438E01A2}.Debug|x64.Build.0 = Debug|x64
		{F557FE0E-1FAF-430A-A479-C2F3438E01A2}.Debug|x86.ActiveCfg = Debug|Win32
		{F557FE0E-1FAF-430A-A479-C2F3438E01A2}.Debug|x86.Build.0 = Debug|Win32
		{F557FE0E-1FAF-430A-A479-C2F3438E01A2}.Release|x64.ActiveCfg = Release|x64
		{F557FE0E-1FAF-430A-A479-C2F3438E01A2}.Release|x64.Build.0 = Release|x64
		{F557FE0E-1FAF-430A-A479-C2F3438E01A2}.Release|x86.ActiveCfg = Release|Win32
		{F557FE0E-1FAF-430A-A479-C2F3438E01A2}.Release|x86.Build.0 = Release|Win32
		{C9D70F7B-F974-41EF-889A-0F84854076CB}.Debug|x64.ActiveCfg = Debug|x64
		{C9D70F7B-F974-41EF-889A-0F84854076CB}.Debug|x64.Build.0 = Debug|x64
		{C9D70F7B-F974-41EF-889A-0F84854076CB}.Debug|x86.ActiveCfg = Debug|Win32
		{C9D70F7B-F974-41EF-889A-0F84854076CB}.Debug|x86.Build.0 = Debug|Win32
		{C9D70F7B-F974-41EF-889A-0F84854076CB}.Release|x64.ActiveCfg = Release|x64
		{C9D70F7B-F974-41EF-889A-0F84854076CB}.Release|x64.Build.0 = Release|x64
		{C9D70F7B-F974-41EF-889A-0F84854076CB}.Release|x86.ActiveCfg = Release|Win32
		{C9D70F7B-F974-41EF-889A-0F84854076CB}.Release|x86.Build.0 = Release|Win32
		{19643951-BD98-4F23-95BB-13B01B7841DD}.Debug|x64.ActiveCfg = Debug|x64
		{19643951-BD98-4F23-95BB-13B01B7841DD}.Debug|x64.Build.0 = Debug|x64
		{19643951-BD98-4F23-95BB-13B01B7841DD}.Debug|x86.ActiveCfg = Debug|Win32
		{19643951-BD98-4F23-95BB-13B01B7841DD}.Debug|x86.Build.0 = Debug|Win32
		{19643951-BD98-4F23-95BB-13B01B7841DD}.Release|x64.ActiveCfg = Release|x64
		{19643951-BD98-4F23-95BB-13B01B7841DD}.Release|x64.Build.0 = Release|x64
		{19643951-BD98-4F23-95BB-13B01B7841DD}.Release|x86.ActiveCfg = Release|Win32
		{19643951-BD98-4F23-95BB-13B01B7841DD}.Release|x86.Build.0 = Release|Win32
		{F7680305-5A17-47C7-BDA9-9986F672F4AB}.Debug|x64.ActiveCfg = Debug|x64
		{F7680305-5A17-47C7-BDA9-9986F672F4AB}.Debug|x64.Build.0 = Debug|x64
		{F7680305-5A17-47C7-BDA9-9986F672F4AB}.Debug|x86.ActiveCfg = Debug|Win32
		{F7680305-5A17-47C7-BDA9-9986F672F4AB}.Debug|x86.Build.0 = Debug|Win32
		{F7680305-5A17-47C7-BDA9-9986F672F4AB}.Release|x64.ActiveCfg = Release|x64
		{F7680305-5A17-47C7-BDA9-9986F672F4AB}.Release|x64.Build.0 = Release|x64
		{F7680305-5A17-47C7-BDA9-9986F672F4AB}.Release|x86.ActiveCfg = Release|Win32
		{F7680305-5A17-47C7-BDA9-9986F672F4AB}.Release|x86.Build.0 = Release|Win32
		{A03F8C92-ECF4-4CF6-80E1-04D99C138BB3}.Debug|x64.ActiveCfg = Debug|x64
		{A03F8C92-ECF4-4CF6-80E1-04D99C138BB3}.Debug|x64.Build.0 = Debug|x64
		{A03F8C92-ECF4-4CF6-80E1-04D99C138BB3}.Debug|x86.ActiveCfg = Debug|Win32
		{A03F8C92-ECF4-4CF6-80E1-04D99C138BB3}.Debug|x86.Build.0 = Debug|Win32
		{A03F8C92-ECF4-4CF6-80E1-04D99C138BB3}.Release|x64.ActiveCfg = Release|x64
		{A03F8C92-ECF4-4CF6-80E1-04D99C138BB3}.Release|x64.Build.0 = Release|x64
		{A03F8C92-ECF4-4CF6-80E1-04D99C138BB3}.Release|x86.ActiveCfg = Release|Win32
		{A03F8C92-ECF4-4CF6-80E1-04D99C138BB3}.Release|x86.Build.0 = Release|Win32
		{93DE2CFB-A5E6-4EED-B501-AA2A4409F185}.Debug|x64.ActiveCfg = Debug|x64
		{93DE2CFB-A5E6-4EED-B501-AA2A4409F185}.Debug|x64.Build.0 = Debug|x64
		{93DE2CFB-A5E6-4EED-B501-AA2A4409F185}.Debug|x86.ActiveCfg = Debug|Win32
		{93DE2CFB-A5E6-4EED-B501-AA2A4409F185}.Debug|x86.Build.0 = Debug|Win32
		{93DE2CFB-A5E6-4EED-B501-AA2A4409F185}.Release|x64.ActiveCfg = Release|x64
		{93DE2CFB-A5E6-4EED-B501-AA2A4409F185}.Release|x64.Build.0 = Release|x64
		{93DE2CFB-A5E6-4EED-B501-AA2A4409F185}.Release|x86.ActiveCfg = Release|Win32
		{93DE2CFB-A5E6-4EED-B501-AA2A4409F185}.Release|x86.Build.0 = Release|Win32
		{15615F28-84CA-4B89-A053-0B532ABDE683}.Debug|x64.ActiveCfg = Debug|x64
		{15615F28-84CA-4B89-A053-0B532ABDE683}.Debug|x64.Build.0 = Debug|x64
		{15615F28-84CA-4B89-A053-0B532ABDE683}.Debug|x86.ActiveCfg = Debug|Win32
		{15615F28-84CA-4B89-A053-0B532ABDE683}.Debug|x86.Build.0 = Debug|Win32
		{15615F28-84CA-4B89-A053-0B532ABDE683}.Release|x64.ActiveCfg = Release|x64
		{15615F28-84CA-4B89-A053-0B532ABDE683}.Release|x64.Build.0 = Release|x64
		{15615F28-84CA-4B89-A053-0B532ABDE683}.Release|x86.ActiveCfg = Release|Win32
		{15615F28-84CA-4B89-A053-0B532ABDE683}.Release|x86.Build.0 = Release|Win32
	EndGlobalSection
	GlobalSection(SolutionProperties) = preSolution
		HideSolutionNode = FALSE
	EndGlobalSection
	GlobalSection(ExtensibilityGlobals) = postSolution
		SolutionGuid = {E07259F5-D7F7-471D-AD3B-E9AC9BBDC6CD}
	EndGlobalSection
EndGlobal
